// !$*UTF8*$!
{
	archiveVersion = 1;
	classes = {
	};
	objectVersion = 46;
	objects = {

/* Begin PBXBuildFile section */
		C6BBF93319EE550100E46BEB /* main.m in Sources */ = {isa = PBXBuildFile; fileRef = C6BBF93219EE550100E46BEB /* main.m */; };
		C6BBF93619EE550100E46BEB /* AppDelegate.m in Sources */ = {isa = PBXBuildFile; fileRef = C6BBF93519EE550100E46BEB /* AppDelegate.m */; };
		C6BBF93919EE550100E46BEB /* ViewController.m in Sources */ = {isa = PBXBuildFile; fileRef = C6BBF93819EE550100E46BEB /* ViewController.m */; };
		C6BBF93C19EE550100E46BEB /* Main.storyboard in Resources */ = {isa = PBXBuildFile; fileRef = C6BBF93A19EE550100E46BEB /* Main.storyboard */; };
		C6BBF93E19EE550100E46BEB /* Images.xcassets in Resources */ = {isa = PBXBuildFile; fileRef = C6BBF93D19EE550100E46BEB /* Images.xcassets */; };
		C6BBF94119EE550100E46BEB /* LaunchScreen.xib in Resources */ = {isa = PBXBuildFile; fileRef = C6BBF93F19EE550100E46BEB /* LaunchScreen.xib */; };
		C6BBF94D19EE550100E46BEB /* drawRectTests.m in Sources */ = {isa = PBXBuildFile; fileRef = C6BBF94C19EE550100E46BEB /* drawRectTests.m */; };
		C6BBF95819EE554100E46BEB /* StarView.m in Sources */ = {isa = PBXBuildFile; fileRef = C6BBF95719EE554100E46BEB /* StarView.m */; };
		C6BBF95A19EE5D1200E46BEB /* Images-2.xcassets in Resources */ = {isa = PBXBuildFile; fileRef = C6BBF95919EE5D1200E46BEB /* Images-2.xcassets */; };
/* End PBXBuildFile section */

/* Begin PBXContainerItemProxy section */
		C6BBF94719EE550100E46BEB /* PBXContainerItemProxy */ = {
			isa = PBXContainerItemProxy;
			containerPortal = C6BBF92519EE550100E46BEB /* Project object */;
			proxyType = 1;
			remoteGlobalIDString = C6BBF92C19EE550100E46BEB;
			remoteInfo = drawRect;
		};
/* End PBXContainerItemProxy section */

/* Begin PBXFileReference section */
		C6BBF92D19EE550100E46BEB /* drawRect.app */ = {isa = PBXFileReference; explicitFileType = wrapper.application; includeInIndex = 0; path = drawRect.app; sourceTree = BUILT_PRODUCTS_DIR; };
		C6BBF93119EE550100E46BEB /* Info.plist */ = {isa = PBXFileReference; lastKnownFileType = text.plist.xml; path = Info.plist; sourceTree = "<group>"; };
		C6BBF93219EE550100E46BEB /* main.m */ = {isa = PBXFileReference; lastKnownFileType = sourcecode.c.objc; path = main.m; sourceTree = "<group>"; };
		C6BBF93419EE550100E46BEB /* AppDelegate.h */ = {isa = PBXFileReference; lastKnownFileType = sourcecode.c.h; path = AppDelegate.h; sourceTree = "<group>"; };
		C6BBF93519EE550100E46BEB /* AppDelegate.m */ = {isa = PBXFileReference; lastKnownFileType = sourcecode.c.objc; path = AppDelegate.m; sourceTree = "<group>"; };
		C6BBF93719EE550100E46BEB /* ViewController.h */ = {isa = PBXFileReference; lastKnownFileType = sourcecode.c.h; path = ViewController.h; sourceTree = "<group>"; };
		C6BBF93819EE550100E46BEB /* ViewController.m */ = {isa = PBXFileReference; lastKnownFileType = sourcecode.c.objc; path = ViewController.m; sourceTree = "<group>"; };
		C6BBF93B19EE550100E46BEB /* Base */ = {isa = PBXFileReference; lastKnownFileType = file.storyboard; name = Base; path = Base.lproj/Main.storyboard; sourceTree = "<group>"; };
		C6BBF93D19EE550100E46BEB /* Images.xcassets */ = {isa = PBXFileReference; lastKnownFileType = folder.assetcatalog; path = Images.xcassets; sourceTree = "<group>"; };
		C6BBF94019EE550100E46BEB /* Base */ = {isa = PBXFileReference; lastKnownFileType = file.xib; name = Base; path = Base.lproj/LaunchScreen.xib; sourceTree = "<group>"; };
		C6BBF94619EE550100E46BEB /* drawRectTests.xctest */ = {isa = PBXFileReference; explicitFileType = wrapper.cfbundle; includeInIndex = 0; path = drawRectTests.xctest; sourceTree = BUILT_PRODUCTS_DIR; };
		C6BBF94B19EE550100E46BEB /* Info.plist */ = {isa = PBXFileReference; lastKnownFileType = text.plist.xml; path = Info.plist; sourceTree = "<group>"; };
		C6BBF94C19EE550100E46BEB /* drawRectTests.m */ = {isa = PBXFileReference; lastKnownFileType = sourcecode.c.objc; path = drawRectTests.m; sourceTree = "<group>"; };
		C6BBF95619EE554100E46BEB /* StarView.h */ = {isa = PBXFileReference; fileEncoding = 4; lastKnownFileType = sourcecode.c.h; path = StarView.h; sourceTree = "<group>"; };
		C6BBF95719EE554100E46BEB /* StarView.m */ = {isa = PBXFileReference; fileEncoding = 4; lastKnownFileType = sourcecode.c.objc; path = StarView.m; sourceTree = "<group>"; };
		C6BBF95919EE5D1200E46BEB /* Images-2.xcassets */ = {isa = PBXFileReference; lastKnownFileType = folder.assetcatalog; path = "Images-2.xcassets"; sourceTree = "<group>"; };
/* End PBXFileReference section */

/* Begin PBXFrameworksBuildPhase section */
		C6BBF92A19EE550100E46BEB /* Frameworks */ = {
			isa = PBXFrameworksBuildPhase;
			buildActionMask = 2147483647;
			files = (
			);
			runOnlyForDeploymentPostprocessing = 0;
		};
		C6BBF94319EE550100E46BEB /* Frameworks */ = {
			isa = PBXFrameworksBuildPhase;
			buildActionMask = 2147483647;
			files = (
			);
			runOnlyForDeploymentPostprocessing = 0;
		};
/* End PBXFrameworksBuildPhase section */

/* Begin PBXGroup section */
		C6BBF92419EE550100E46BEB = {
			isa = PBXGroup;
			children = (
				C6BBF92F19EE550100E46BEB /* drawRect */,
				C6BBF94919EE550100E46BEB /* drawRectTests */,
				C6BBF92E19EE550100E46BEB /* Products */,
			);
			sourceTree = "<group>";
		};
		C6BBF92E19EE550100E46BEB /* Products */ = {
			isa = PBXGroup;
			children = (
				C6BBF92D19EE550100E46BEB /* drawRect.app */,
				C6BBF94619EE550100E46BEB /* drawRectTests.xctest */,
			);
			name = Products;
			sourceTree = "<group>";
		};
		C6BBF92F19EE550100E46BEB /* drawRect */ = {
			isa = PBXGroup;
			children = (
				C6BBF93419EE550100E46BEB /* AppDelegate.h */,
				C6BBF93519EE550100E46BEB /* AppDelegate.m */,
				C6BBF93719EE550100E46BEB /* ViewController.h */,
				C6BBF93819EE550100E46BEB /* ViewController.m */,
				C6BBF95619EE554100E46BEB /* StarView.h */,
				C6BBF95719EE554100E46BEB /* StarView.m */,
				C6BBF93A19EE550100E46BEB /* Main.storyboard */,
				C6BBF93D19EE550100E46BEB /* Images.xcassets */,
				C6BBF93F19EE550100E46BEB /* LaunchScreen.xib */,
				C6BBF95919EE5D1200E46BEB /* Images-2.xcassets */,
				C6BBF93019EE550100E46BEB /* Supporting Files */,
			);
			path = drawRect;
			sourceTree = "<group>";
		};
		C6BBF93019EE550100E46BEB /* Supporting Files */ = {
			isa = PBXGroup;
			children = (
				C6BBF93119EE550100E46BEB /* Info.plist */,
				C6BBF93219EE550100E46BEB /* main.m */,
			);
			name = "Supporting Files";
			sourceTree = "<group>";
		};
		C6BBF94919EE550100E46BEB /* drawRectTests */ = {
			isa = PBXGroup;
			children = (
				C6BBF94C19EE550100E46BEB /* drawRectTests.m */,
				C6BBF94A19EE550100E46BEB /* Supporting Files */,
			);
			path = drawRectTests;
			sourceTree = "<group>";
		};
		C6BBF94A19EE550100E46BEB /* Supporting Files */ = {
			isa = PBXGroup;
			children = (
				C6BBF94B19EE550100E46BEB /* Info.plist */,
			);
			name = "Supporting Files";
			sourceTree = "<group>";
		};
/* End PBXGroup section */

/* Begin PBXNativeTarget section */
		C6BBF92C19EE550100E46BEB /* drawRect */ = {
			isa = PBXNativeTarget;
			buildConfigurationList = C6BBF95019EE550100E46BEB /* Build configuration list for PBXNativeTarget "drawRect" */;
			buildPhases = (
				C6BBF92919EE550100E46BEB /* Sources */,
				C6BBF92A19EE550100E46BEB /* Frameworks */,
				C6BBF92B19EE550100E46BEB /* Resources */,
			);
			buildRules = (
			);
			dependencies = (
			);
			name = drawRect;
			productName = drawRect;
			productReference = C6BBF92D19EE550100E46BEB /* drawRect.app */;
			productType = "com.apple.product-type.application";
		};
		C6BBF94519EE550100E46BEB /* drawRectTests */ = {
			isa = PBXNativeTarget;
			buildConfigurationList = C6BBF95319EE550100E46BEB /* Build configuration list for PBXNativeTarget "drawRectTests" */;
			buildPhases = (
				C6BBF94219EE550100E46BEB /* Sources */,
				C6BBF94319EE550100E46BEB /* Frameworks */,
				C6BBF94419EE550100E46BEB /* Resources */,
			);
			buildRules = (
			);
			dependencies = (
				C6BBF94819EE550100E46BEB /* PBXTargetDependency */,
			);
			name = drawRectTests;
			productName = drawRectTests;
			productReference = C6BBF94619EE550100E46BEB /* drawRectTests.xctest */;
			productType = "com.apple.product-type.bundle.unit-test";
		};
/* End PBXNativeTarget section */

/* Begin PBXProject section */
		C6BBF92519EE550100E46BEB /* Project object */ = {
			isa = PBXProject;
			attributes = {
				LastUpgradeCheck = 0600;
				ORGANIZATIONNAME = com.yourcompany.orgnanization;
				TargetAttributes = {
					C6BBF92C19EE550100E46BEB = {
						CreatedOnToolsVersion = 6.0.1;
					};
					C6BBF94519EE550100E46BEB = {
						CreatedOnToolsVersion = 6.0.1;
						TestTargetID = C6BBF92C19EE550100E46BEB;
					};
				};
			};
			buildConfigurationList = C6BBF92819EE550100E46BEB /* Build configuration list for PBXProject "drawRect" */;
			compatibilityVersion = "Xcode 3.2";
			developmentRegion = English;
			hasScannedForEncodings = 0;
			knownRegions = (
				en,
				Base,
			);
			mainGroup = C6BBF92419EE550100E46BEB;
			productRefGroup = C6BBF92E19EE550100E46BEB /* Products */;
			projectDirPath = "";
			projectRoot = "";
			targets = (
				C6BBF92C19EE550100E46BEB /* drawRect */,
				C6BBF94519EE550100E46BEB /* drawRectTests */,
			);
		};
/* End PBXProject section */

/* Begin PBXResourcesBuildPhase section */
		C6BBF92B19EE550100E46BEB /* Resources */ = {
			isa = PBXResourcesBuildPhase;
			buildActionMask = 2147483647;
			files = (
				C6BBF93C19EE550100E46BEB /* Main.storyboard in Resources */,
				C6BBF94119EE550100E46BEB /* LaunchScreen.xib in Resources */,
				C6BBF95A19EE5D1200E46BEB /* Images-2.xcassets in Resources */,
				C6BBF93E19EE550100E46BEB /* Images.xcassets in Resources */,
			);
			runOnlyForDeploymentPostprocessing = 0;
		};
		C6BBF94419EE550100E46BEB /* Resources */ = {
			isa = PBXResourcesBuildPhase;
			buildActionMask = 2147483647;
			files = (
			);
			runOnlyForDeploymentPostprocessing = 0;
		};
/* End PBXResourcesBuildPhase section */

/* Begin PBXSourcesBuildPhase section */
		C6BBF92919EE550100E46BEB /* Sources */ = {
			isa = PBXSourcesBuildPhase;
			buildActionMask = 2147483647;
			files = (
				C6BBF93919EE550100E46BEB /* ViewController.m in Sources */,
				C6BBF93619EE550100E46BEB /* AppDelegate.m in Sources */,
				C6BBF95819EE554100E46BEB /* StarView.m in Sources */,
				C6BBF93319EE550100E46BEB /* main.m in Sources */,
			);
			runOnlyForDeploymentPostprocessing = 0;
		};
		C6BBF94219EE550100E46BEB /* Sources */ = {
			isa = PBXSourcesBuildPhase;
			buildActionMask = 2147483647;
			files = (
				C6BBF94D19EE550100E46BEB /* drawRectTests.m in Sources */,
			);
			runOnlyForDeploymentPostprocessing = 0;
		};
/* End PBXSourcesBuildPhase section */

/* Begin PBXTargetDependency section */
		C6BBF94819EE550100E46BEB /* PBXTargetDependency */ = {
			isa = PBXTargetDependency;
			target = C6BBF92C19EE550100E46BEB /* drawRect */;
			targetProxy = C6BBF94719EE550100E46BEB /* PBXContainerItemProxy */;
		};
/* End PBXTargetDependency section */

/* Begin PBXVariantGroup section */
		C6BBF93A19EE550100E46BEB /* Main.storyboard */ = {
			isa = PBXVariantGroup;
			children = (
				C6BBF93B19EE550100E46BEB /* Base */,
			);
			name = Main.storyboard;
			sourceTree = "<group>";
		};
		C6BBF93F19EE550100E46BEB /* LaunchScreen.xib */ = {
			isa = PBXVariantGroup;
			children = (
				C6BBF94019EE550100E46BEB /* Base */,
			);
			name = LaunchScreen.xib;
			sourceTree = "<group>";
		};
/* End PBXVariantGroup section */

/* Begin XCBuildConfiguration section */
		C6BBF94E19EE550100E46BEB /* Debug */ = {
			isa = XCBuildConfiguration;
			buildSettings = {
				ALWAYS_SEARCH_USER_PATHS = NO;
				CLANG_CXX_LANGUAGE_STANDARD = "gnu++0x";
				CLANG_CXX_LIBRARY = "libc++";
				CLANG_ENABLE_MODULES = YES;
				CLANG_ENABLE_OBJC_ARC = YES;
				CLANG_WARN_BOOL_CONVERSION = YES;
				CLANG_WARN_CONSTANT_CONVERSION = YES;
				CLANG_WARN_DIRECT_OBJC_ISA_USAGE = YES_ERROR;
				CLANG_WARN_EMPTY_BODY = YES;
				CLANG_WARN_ENUM_CONVERSION = YES;
				CLANG_WARN_INT_CONVERSION = YES;
				CLANG_WARN_OBJC_ROOT_CLASS = YES_ERROR;
				CLANG_WARN_UNREACHABLE_CODE = YES;
				CLANG_WARN__DUPLICATE_METHOD_MATCH = YES;
				"CODE_SIGN_IDENTITY[sdk=iphoneos*]" = "iPhone Developer";
				COPY_PHASE_STRIP = NO;
				ENABLE_STRICT_OBJC_MSGSEND = YES;
				GCC_C_LANGUAGE_STANDARD = gnu99;
				GCC_DYNAMIC_NO_PIC = NO;
				GCC_OPTIMIZATION_LEVEL = 0;
				GCC_PREPROCESSOR_DEFINITIONS = (
					"DEBUG=1",
					"$(inherited)",
				);
				GCC_SYMBOLS_PRIVATE_EXTERN = NO;
				GCC_WARN_64_TO_32_BIT_CONVERSION = YES;
				GCC_WARN_ABOUT_RETURN_TYPE = YES_ERROR;
				GCC_WARN_UNDECLARED_SELECTOR = YES;
				GCC_WARN_UNINITIALIZED_AUTOS = YES_AGGRESSIVE;
				GCC_WARN_UNUSED_FUNCTION = YES;
				GCC_WARN_UNUSED_VARIABLE = YES;
				IPHONEOS_DEPLOYMENT_TARGET = 8.0;
				MTL_ENABLE_DEBUG_INFO = YES;
				ONLY_ACTIVE_ARCH = YES;
				SDKROOT = iphoneos;
				TARGETED_DEVICE_FAMILY = "1,2";
			};
			name = Debug;
		};
		C6BBF94F19EE550100E46BEB /* Release */ = {
			isa = XCBuildConfiguration;
			buildSettings = {
				ALWAYS_SEARCH_USER_PATHS = NO;
				CLANG_CXX_LANGUAGE_STANDARD = "gnu++0x";
				CLANG_CXX_LIBRARY = "libc++";
				CLANG_ENABLE_MODULES = YES;
				CLANG_ENABLE_OBJC_ARC = YES;
				CLANG_WARN_BOOL_CONVERSION = YES;
				CLANG_WARN_CONSTANT_CONVERSION = YES;
				CLANG_WARN_DIRECT_OBJC_ISA_USAGE = YES_ERROR;
				CLANG_WARN_EMPTY_BODY = YES;
				CLANG_WARN_ENUM_CONVERSION = YES;
				CLANG_WARN_INT_CONVERSION = YES;
				CLANG_WARN_OBJC_ROOT_CLASS = YES_ERROR;
				CLANG_WARN_UNREACHABLE_CODE = YES;
				CLANG_WARN__DUPLICATE_METHOD_MATCH = YES;
				"CODE_SIGN_IDENTITY[sdk=iphoneos*]" = "iPhone Developer";
				COPY_PHASE_STRIP = YES;
				ENABLE_NS_ASSERTIONS = NO;
				ENABLE_STRICT_OBJC_MSGSEND = YES;
				GCC_C_LANGUAGE_STANDARD = gnu99;
				GCC_WARN_64_TO_32_BIT_CONVERSION = YES;
				GCC_WARN_ABOUT_RETURN_TYPE = YES_ERROR;
				GCC_WARN_UNDECLARED_SELECTOR = YES;
				GCC_WARN_UNINITIALIZED_AUTOS = YES_AGGRESSIVE;
				GCC_WARN_UNUSED_FUNCTION = YES;
				GCC_WARN_UNUSED_VARIABLE = YES;
				IPHONEOS_DEPLOYMENT_TARGET = 8.0;
				MTL_ENABLE_DEBUG_INFO = NO;
				SDKROOT = iphoneos;
				TARGETED_DEVICE_FAMILY = "1,2";
				VALIDATE_PRODUCT = YES;
			};
			name = Release;
		};
		C6BBF95119EE550100E46BEB /* Debug */ = {
			isa = XCBuildConfiguration;
			buildSettings = {
				ASSETCATALOG_COMPILER_APPICON_NAME = AppIcon;
				ASSETCATALOG_COMPILER_LAUNCHIMAGE_NAME = LaunchImage;
				CLANG_ENABLE_OBJC_ARC = NO;
				INFOPLIST_FILE = drawRect/Info.plist;
				IPHONEOS_DEPLOYMENT_TARGET = 7.0;
				LD_RUNPATH_SEARCH_PATHS = "$(inherited) @executable_path/Frameworks";
				PRODUCT_NAME = "$(TARGET_NAME)";
			};
			name = Debug;
		};
		C6BBF95219EE550100E46BEB /* Release */ = {
			isa = XCBuildConfiguration;
			buildSettings = {
				ASSETCATALOG_COMPILER_APPICON_NAME = AppIcon;
				ASSETCATALOG_COMPILER_LAUNCHIMAGE_NAME = LaunchImage;
				CLANG_ENABLE_OBJC_ARC = NO;
				INFOPLIST_FILE = drawRect/Info.plist;
				IPHONEOS_DEPLOYMENT_TARGET = 7.0;
				LD_RUNPATH_SEARCH_PATHS = "$(inherited) @executable_path/Frameworks";
				PRODUCT_NAME = "$(TARGET_NAME)";
			};
			name = Release;
		};
		C6BBF95419EE550100E46BEB /* Debug */ = {
			isa = XCBuildConfiguration;
			buildSettings = {
				BUNDLE_LOADER = "$(TEST_HOST)";
				FRAMEWORK_SEARCH_PATHS = (
					"$(SDKROOT)/Developer/Library/Frameworks",
					"$(inherited)",
				);
				GCC_PREPROCESSOR_DEFINITIONS = (
					"DEBUG=1",
					"$(inherited)",
				);
				INFOPLIST_FILE = drawRectTests/Info.plist;
				LD_RUNPATH_SEARCH_PATHS = "$(inherited) @executable_path/Frameworks @loader_path/Frameworks";
				PRODUCT_NAME = "$(TARGET_NAME)";
				TEST_HOST = "$(BUILT_PRODUCTS_DIR)/drawRect.app/drawRect";
			};
			name = Debug;
		};
		C6BBF95519EE550100E46BEB /* Release */ = {
			isa = XCBuildConfiguration;
			buildSettings = {
				BUNDLE_LOADER = "$(TEST_HOST)";
				FRAMEWORK_SEARCH_PATHS = (
					"$(SDKROOT)/Developer/Library/Frameworks",
					"$(inherited)",
				);
				INFOPLIST_FILE = drawRectTests/Info.plist;
				LD_RUNPATH_SEARCH_PATHS = "$(inherited) @executable_path/Frameworks @loader_path/Frameworks";
				PRODUCT_NAME = "$(TARGET_NAME)";
				TEST_HOST = "$(BUILT_PRODUCTS_DIR)/drawRect.app/drawRect";
			};
			name = Release;
		};
/* End XCBuildConfiguration section */

/* Begin XCConfigurationList section */
		C6BBF92819EE550100E46BEB /* Build configuration list for PBXProject "drawRect" */ = {
			isa = XCConfigurationList;
			buildConfigurations = (
				C6BBF94E19EE550100E46BEB /* Debug */,
				C6BBF94F19EE550100E46BEB /* Release */,
			);
			defaultConfigurationIsVisible = 0;
			defaultConfigurationName = Release;
		};
		C6BBF95019EE550100E46BEB /* Build configuration list for PBXNativeTarget "drawRect" */ = {
			isa = XCConfigurationList;
			buildConfigurations = (
				C6BBF95119EE550100E46BEB /* Debug */,
				C6BBF95219EE550100E46BEB /* Release */,
			);
			defaultConfigurationIsVisible = 0;
		};
		C6BBF95319EE550100E46BEB /* Build configuration list for PBXNativeTarget "drawRectTests" */ = {
			isa = XCConfigurationList;
			buildConfigurations = (
				C6BBF95419EE550100E46BEB /* Debug */,
				C6BBF95519EE550100E46BEB /* Release */,
			);
			defaultConfigurationIsVisible = 0;
		};
/* End XCConfigurationList section */
	};
	rootObject = C6BBF92519EE550100E46BEB /* Project object */;
}
