// !$*UTF8*$!
{
	archiveVersion = 1;
	classes = {
	};
	objectVersion = 46;
	objects = {

/* Begin PBXBuildFile section */
		C6C803C61A353DE100F5DB26 /* main.m in Sources */ = {isa = PBXBuildFile; fileRef = C6C803C51A353DE100F5DB26 /* main.m */; };
		C6C803C91A353DE100F5DB26 /* AppDelegate.m in Sources */ = {isa = PBXBuildFile; fileRef = C6C803C81A353DE100F5DB26 /* AppDelegate.m */; };
		C6C803CC1A353DE100F5DB26 /* ViewController.m in Sources */ = {isa = PBXBuildFile; fileRef = C6C803CB1A353DE100F5DB26 /* ViewController.m */; };
		C6C803CF1A353DE100F5DB26 /* Main.storyboard in Resources */ = {isa = PBXBuildFile; fileRef = C6C803CD1A353DE100F5DB26 /* Main.storyboard */; };
		C6C803D11A353DE100F5DB26 /* Images.xcassets in Resources */ = {isa = PBXBuildFile; fileRef = C6C803D01A353DE100F5DB26 /* Images.xcassets */; };
		C6C803D41A353DE100F5DB26 /* LaunchScreen.xib in Resources */ = {isa = PBXBuildFile; fileRef = C6C803D21A353DE100F5DB26 /* LaunchScreen.xib */; };
		C6C803E01A353DE100F5DB26 /* UIBezieerPathDemoTests.m in Sources */ = {isa = PBXBuildFile; fileRef = C6C803DF1A353DE100F5DB26 /* UIBezieerPathDemoTests.m */; };
		C6C803EB1A35405300F5DB26 /* BezierPathView.m in Sources */ = {isa = PBXBuildFile; fileRef = C6C803EA1A35405300F5DB26 /* BezierPathView.m */; };
		C6C803EE1A3547CD00F5DB26 /* KACircleProgressView.m in Sources */ = {isa = PBXBuildFile; fileRef = C6C803ED1A3547CD00F5DB26 /* KACircleProgressView.m */; };
/* End PBXBuildFile section */

/* Begin PBXContainerItemProxy section */
		C6C803DA1A353DE100F5DB26 /* PBXContainerItemProxy */ = {
			isa = PBXContainerItemProxy;
			containerPortal = C6C803B81A353DE100F5DB26 /* Project object */;
			proxyType = 1;
			remoteGlobalIDString = C6C803BF1A353DE100F5DB26;
			remoteInfo = UIBezieerPathDemo;
		};
/* End PBXContainerItemProxy section */

/* Begin PBXFileReference section */
		C6C803C01A353DE100F5DB26 /* UIBezieerPathDemo.app */ = {isa = PBXFileReference; explicitFileType = wrapper.application; includeInIndex = 0; path = UIBezieerPathDemo.app; sourceTree = BUILT_PRODUCTS_DIR; };
		C6C803C41A353DE100F5DB26 /* Info.plist */ = {isa = PBXFileReference; lastKnownFileType = text.plist.xml; path = Info.plist; sourceTree = "<group>"; };
		C6C803C51A353DE100F5DB26 /* main.m */ = {isa = PBXFileReference; lastKnownFileType = sourcecode.c.objc; path = main.m; sourceTree = "<group>"; };
		C6C803C71A353DE100F5DB26 /* AppDelegate.h */ = {isa = PBXFileReference; lastKnownFileType = sourcecode.c.h; path = AppDelegate.h; sourceTree = "<group>"; };
		C6C803C81A353DE100F5DB26 /* AppDelegate.m */ = {isa = PBXFileReference; lastKnownFileType = sourcecode.c.objc; path = AppDelegate.m; sourceTree = "<group>"; };
		C6C803CA1A353DE100F5DB26 /* ViewController.h */ = {isa = PBXFileReference; lastKnownFileType = sourcecode.c.h; path = ViewController.h; sourceTree = "<group>"; };
		C6C803CB1A353DE100F5DB26 /* ViewController.m */ = {isa = PBXFileReference; lastKnownFileType = sourcecode.c.objc; path = ViewController.m; sourceTree = "<group>"; };
		C6C803CE1A353DE100F5DB26 /* Base */ = {isa = PBXFileReference; lastKnownFileType = file.storyboard; name = Base; path = Base.lproj/Main.storyboard; sourceTree = "<group>"; };
		C6C803D01A353DE100F5DB26 /* Images.xcassets */ = {isa = PBXFileReference; lastKnownFileType = folder.assetcatalog; path = Images.xcassets; sourceTree = "<group>"; };
		C6C803D31A353DE100F5DB26 /* Base */ = {isa = PBXFileReference; lastKnownFileType = file.xib; name = Base; path = Base.lproj/LaunchScreen.xib; sourceTree = "<group>"; };
		C6C803D91A353DE100F5DB26 /* UIBezieerPathDemoTests.xctest */ = {isa = PBXFileReference; explicitFileType = wrapper.cfbundle; includeInIndex = 0; path = UIBezieerPathDemoTests.xctest; sourceTree = BUILT_PRODUCTS_DIR; };
		C6C803DE1A353DE100F5DB26 /* Info.plist */ = {isa = PBXFileReference; lastKnownFileType = text.plist.xml; path = Info.plist; sourceTree = "<group>"; };
		C6C803DF1A353DE100F5DB26 /* UIBezieerPathDemoTests.m */ = {isa = PBXFileReference; lastKnownFileType = sourcecode.c.objc; path = UIBezieerPathDemoTests.m; sourceTree = "<group>"; };
		C6C803E91A35405300F5DB26 /* BezierPathView.h */ = {isa = PBXFileReference; fileEncoding = 4; lastKnownFileType = sourcecode.c.h; path = BezierPathView.h; sourceTree = "<group>"; };
		C6C803EA1A35405300F5DB26 /* BezierPathView.m */ = {isa = PBXFileReference; fileEncoding = 4; lastKnownFileType = sourcecode.c.objc; path = BezierPathView.m; sourceTree = "<group>"; };
		C6C803EC1A3547CD00F5DB26 /* KACircleProgressView.h */ = {isa = PBXFileReference; fileEncoding = 4; lastKnownFileType = sourcecode.c.h; path = KACircleProgressView.h; sourceTree = "<group>"; };
		C6C803ED1A3547CD00F5DB26 /* KACircleProgressView.m */ = {isa = PBXFileReference; fileEncoding = 4; lastKnownFileType = sourcecode.c.objc; path = KACircleProgressView.m; sourceTree = "<group>"; };
/* End PBXFileReference section */

/* Begin PBXFrameworksBuildPhase section */
		C6C803BD1A353DE100F5DB26 /* Frameworks */ = {
			isa = PBXFrameworksBuildPhase;
			buildActionMask = 2147483647;
			files = (
			);
			runOnlyForDeploymentPostprocessing = 0;
		};
		C6C803D61A353DE100F5DB26 /* Frameworks */ = {
			isa = PBXFrameworksBuildPhase;
			buildActionMask = 2147483647;
			files = (
			);
			runOnlyForDeploymentPostprocessing = 0;
		};
/* End PBXFrameworksBuildPhase section */

/* Begin PBXGroup section */
		C6C803B71A353DE100F5DB26 = {
			isa = PBXGroup;
			children = (
				C6C803C21A353DE100F5DB26 /* UIBezieerPathDemo */,
				C6C803DC1A353DE100F5DB26 /* UIBezieerPathDemoTests */,
				C6C803C11A353DE100F5DB26 /* Products */,
			);
			sourceTree = "<group>";
		};
		C6C803C11A353DE100F5DB26 /* Products */ = {
			isa = PBXGroup;
			children = (
				C6C803C01A353DE100F5DB26 /* UIBezieerPathDemo.app */,
				C6C803D91A353DE100F5DB26 /* UIBezieerPathDemoTests.xctest */,
			);
			name = Products;
			sourceTree = "<group>";
		};
		C6C803C21A353DE100F5DB26 /* UIBezieerPathDemo */ = {
			isa = PBXGroup;
			children = (
				C6C803C71A353DE100F5DB26 /* AppDelegate.h */,
				C6C803C81A353DE100F5DB26 /* AppDelegate.m */,
				C6C803CA1A353DE100F5DB26 /* ViewController.h */,
				C6C803CB1A353DE100F5DB26 /* ViewController.m */,
				C6C803E91A35405300F5DB26 /* BezierPathView.h */,
				C6C803EA1A35405300F5DB26 /* BezierPathView.m */,
				C6C803EC1A3547CD00F5DB26 /* KACircleProgressView.h */,
				C6C803ED1A3547CD00F5DB26 /* KACircleProgressView.m */,
				C6C803CD1A353DE100F5DB26 /* Main.storyboard */,
				C6C803D01A353DE100F5DB26 /* Images.xcassets */,
				C6C803D21A353DE100F5DB26 /* LaunchScreen.xib */,
				C6C803C31A353DE100F5DB26 /* Supporting Files */,
			);
			path = UIBezieerPathDemo;
			sourceTree = "<group>";
		};
		C6C803C31A353DE100F5DB26 /* Supporting Files */ = {
			isa = PBXGroup;
			children = (
				C6C803C41A353DE100F5DB26 /* Info.plist */,
				C6C803C51A353DE100F5DB26 /* main.m */,
			);
			name = "Supporting Files";
			sourceTree = "<group>";
		};
		C6C803DC1A353DE100F5DB26 /* UIBezieerPathDemoTests */ = {
			isa = PBXGroup;
			children = (
				C6C803DF1A353DE100F5DB26 /* UIBezieerPathDemoTests.m */,
				C6C803DD1A353DE100F5DB26 /* Supporting Files */,
			);
			path = UIBezieerPathDemoTests;
			sourceTree = "<group>";
		};
		C6C803DD1A353DE100F5DB26 /* Supporting Files */ = {
			isa = PBXGroup;
			children = (
				C6C803DE1A353DE100F5DB26 /* Info.plist */,
			);
			name = "Supporting Files";
			sourceTree = "<group>";
		};
/* End PBXGroup section */

/* Begin PBXNativeTarget section */
		C6C803BF1A353DE100F5DB26 /* UIBezieerPathDemo */ = {
			isa = PBXNativeTarget;
			buildConfigurationList = C6C803E31A353DE100F5DB26 /* Build configuration list for PBXNativeTarget "UIBezieerPathDemo" */;
			buildPhases = (
				C6C803BC1A353DE100F5DB26 /* Sources */,
				C6C803BD1A353DE100F5DB26 /* Frameworks */,
				C6C803BE1A353DE100F5DB26 /* Resources */,
			);
			buildRules = (
			);
			dependencies = (
			);
			name = UIBezieerPathDemo;
			productName = UIBezieerPathDemo;
			productReference = C6C803C01A353DE100F5DB26 /* UIBezieerPathDemo.app */;
			productType = "com.apple.product-type.application";
		};
		C6C803D81A353DE100F5DB26 /* UIBezieerPathDemoTests */ = {
			isa = PBXNativeTarget;
			buildConfigurationList = C6C803E61A353DE100F5DB26 /* Build configuration list for PBXNativeTarget "UIBezieerPathDemoTests" */;
			buildPhases = (
				C6C803D51A353DE100F5DB26 /* Sources */,
				C6C803D61A353DE100F5DB26 /* Frameworks */,
				C6C803D71A353DE100F5DB26 /* Resources */,
			);
			buildRules = (
			);
			dependencies = (
				C6C803DB1A353DE100F5DB26 /* PBXTargetDependency */,
			);
			name = UIBezieerPathDemoTests;
			productName = UIBezieerPathDemoTests;
			productReference = C6C803D91A353DE100F5DB26 /* UIBezieerPathDemoTests.xctest */;
			productType = "com.apple.product-type.bundle.unit-test";
		};
/* End PBXNativeTarget section */

/* Begin PBXProject section */
		C6C803B81A353DE100F5DB26 /* Project object */ = {
			isa = PBXProject;
			attributes = {
				LastUpgradeCheck = 0610;
				ORGANIZATIONNAME = GAG;
				TargetAttributes = {
					C6C803BF1A353DE100F5DB26 = {
						CreatedOnToolsVersion = 6.1.1;
					};
					C6C803D81A353DE100F5DB26 = {
						CreatedOnToolsVersion = 6.1.1;
						TestTargetID = C6C803BF1A353DE100F5DB26;
					};
				};
			};
			buildConfigurationList = C6C803BB1A353DE100F5DB26 /* Build configuration list for PBXProject "UIBezieerPathDemo" */;
			compatibilityVersion = "Xcode 3.2";
			developmentRegion = English;
			hasScannedForEncodings = 0;
			knownRegions = (
				en,
				Base,
			);
			mainGroup = C6C803B71A353DE100F5DB26;
			productRefGroup = C6C803C11A353DE100F5DB26 /* Products */;
			projectDirPath = "";
			projectRoot = "";
			targets = (
				C6C803BF1A353DE100F5DB26 /* UIBezieerPathDemo */,
				C6C803D81A353DE100F5DB26 /* UIBezieerPathDemoTests */,
			);
		};
/* End PBXProject section */

/* Begin PBXResourcesBuildPhase section */
		C6C803BE1A353DE100F5DB26 /* Resources */ = {
			isa = PBXResourcesBuildPhase;
			buildActionMask = 2147483647;
			files = (
				C6C803CF1A353DE100F5DB26 /* Main.storyboard in Resources */,
				C6C803D41A353DE100F5DB26 /* LaunchScreen.xib in Resources */,
				C6C803D11A353DE100F5DB26 /* Images.xcassets in Resources */,
			);
			runOnlyForDeploymentPostprocessing = 0;
		};
		C6C803D71A353DE100F5DB26 /* Resources */ = {
			isa = PBXResourcesBuildPhase;
			buildActionMask = 2147483647;
			files = (
			);
			runOnlyForDeploymentPostprocessing = 0;
		};
/* End PBXResourcesBuildPhase section */

/* Begin PBXSourcesBuildPhase section */
		C6C803BC1A353DE100F5DB26 /* Sources */ = {
			isa = PBXSourcesBuildPhase;
			buildActionMask = 2147483647;
			files = (
				C6C803EB1A35405300F5DB26 /* BezierPathView.m in Sources */,
				C6C803EE1A3547CD00F5DB26 /* KACircleProgressView.m in Sources */,
				C6C803CC1A353DE100F5DB26 /* ViewController.m in Sources */,
				C6C803C91A353DE100F5DB26 /* AppDelegate.m in Sources */,
				C6C803C61A353DE100F5DB26 /* main.m in Sources */,
			);
			runOnlyForDeploymentPostprocessing = 0;
		};
		C6C803D51A353DE100F5DB26 /* Sources */ = {
			isa = PBXSourcesBuildPhase;
			buildActionMask = 2147483647;
			files = (
				C6C803E01A353DE100F5DB26 /* UIBezieerPathDemoTests.m in Sources */,
			);
			runOnlyForDeploymentPostprocessing = 0;
		};
/* End PBXSourcesBuildPhase section */

/* Begin PBXTargetDependency section */
		C6C803DB1A353DE100F5DB26 /* PBXTargetDependency */ = {
			isa = PBXTargetDependency;
			target = C6C803BF1A353DE100F5DB26 /* UIBezieerPathDemo */;
			targetProxy = C6C803DA1A353DE100F5DB26 /* PBXContainerItemProxy */;
		};
/* End PBXTargetDependency section */

/* Begin PBXVariantGroup section */
		C6C803CD1A353DE100F5DB26 /* Main.storyboard */ = {
			isa = PBXVariantGroup;
			children = (
				C6C803CE1A353DE100F5DB26 /* Base */,
			);
			name = Main.storyboard;
			sourceTree = "<group>";
		};
		C6C803D21A353DE100F5DB26 /* LaunchScreen.xib */ = {
			isa = PBXVariantGroup;
			children = (
				C6C803D31A353DE100F5DB26 /* Base */,
			);
			name = LaunchScreen.xib;
			sourceTree = "<group>";
		};
/* End PBXVariantGroup section */

/* Begin XCBuildConfiguration section */
		C6C803E11A353DE100F5DB26 /* Debug */ = {
			isa = XCBuildConfiguration;
			buildSettings = {
				ALWAYS_SEARCH_USER_PATHS = NO;
				CLANG_CXX_LANGUAGE_STANDARD = "gnu++0x";
				CLANG_CXX_LIBRARY = "libc++";
				CLANG_ENABLE_MODULES = YES;
				CLANG_ENABLE_OBJC_ARC = YES;
				CLANG_WARN_BOOL_CONVERSION = YES;
				CLANG_WARN_CONSTANT_CONVERSION = YES;
				CLANG_WARN_DIRECT_OBJC_ISA_USAGE = YES_ERROR;
				CLANG_WARN_EMPTY_BODY = YES;
				CLANG_WARN_ENUM_CONVERSION = YES;
				CLANG_WARN_INT_CONVERSION = YES;
				CLANG_WARN_OBJC_ROOT_CLASS = YES_ERROR;
				CLANG_WARN_UNREACHABLE_CODE = YES;
				CLANG_WARN__DUPLICATE_METHOD_MATCH = YES;
				"CODE_SIGN_IDENTITY[sdk=iphoneos*]" = "iPhone Developer";
				COPY_PHASE_STRIP = NO;
				ENABLE_STRICT_OBJC_MSGSEND = YES;
				GCC_C_LANGUAGE_STANDARD = gnu99;
				GCC_DYNAMIC_NO_PIC = NO;
				GCC_OPTIMIZATION_LEVEL = 0;
				GCC_PREPROCESSOR_DEFINITIONS = (
					"DEBUG=1",
					"$(inherited)",
				);
				GCC_SYMBOLS_PRIVATE_EXTERN = NO;
				GCC_WARN_64_TO_32_BIT_CONVERSION = YES;
				GCC_WARN_ABOUT_RETURN_TYPE = YES_ERROR;
				GCC_WARN_UNDECLARED_SELECTOR = YES;
				GCC_WARN_UNINITIALIZED_AUTOS = YES_AGGRESSIVE;
				GCC_WARN_UNUSED_FUNCTION = YES;
				GCC_WARN_UNUSED_VARIABLE = YES;
				IPHONEOS_DEPLOYMENT_TARGET = 8.1;
				MTL_ENABLE_DEBUG_INFO = YES;
				ONLY_ACTIVE_ARCH = YES;
				SDKROOT = iphoneos;
				TARGETED_DEVICE_FAMILY = "1,2";
			};
			name = Debug;
		};
		C6C803E21A353DE100F5DB26 /* Release */ = {
			isa = XCBuildConfiguration;
			buildSettings = {
				ALWAYS_SEARCH_USER_PATHS = NO;
				CLANG_CXX_LANGUAGE_STANDARD = "gnu++0x";
				CLANG_CXX_LIBRARY = "libc++";
				CLANG_ENABLE_MODULES = YES;
				CLANG_ENABLE_OBJC_ARC = YES;
				CLANG_WARN_BOOL_CONVERSION = YES;
				CLANG_WARN_CONSTANT_CONVERSION = YES;
				CLANG_WARN_DIRECT_OBJC_ISA_USAGE = YES_ERROR;
				CLANG_WARN_EMPTY_BODY = YES;
				CLANG_WARN_ENUM_CONVERSION = YES;
				CLANG_WARN_INT_CONVERSION = YES;
				CLANG_WARN_OBJC_ROOT_CLASS = YES_ERROR;
				CLANG_WARN_UNREACHABLE_CODE = YES;
				CLANG_WARN__DUPLICATE_METHOD_MATCH = YES;
				"CODE_SIGN_IDENTITY[sdk=iphoneos*]" = "iPhone Developer";
				COPY_PHASE_STRIP = YES;
				ENABLE_NS_ASSERTIONS = NO;
				ENABLE_STRICT_OBJC_MSGSEND = YES;
				GCC_C_LANGUAGE_STANDARD = gnu99;
				GCC_WARN_64_TO_32_BIT_CONVERSION = YES;
				GCC_WARN_ABOUT_RETURN_TYPE = YES_ERROR;
				GCC_WARN_UNDECLARED_SELECTOR = YES;
				GCC_WARN_UNINITIALIZED_AUTOS = YES_AGGRESSIVE;
				GCC_WARN_UNUSED_FUNCTION = YES;
				GCC_WARN_UNUSED_VARIABLE = YES;
				IPHONEOS_DEPLOYMENT_TARGET = 8.1;
				MTL_ENABLE_DEBUG_INFO = NO;
				SDKROOT = iphoneos;
				TARGETED_DEVICE_FAMILY = "1,2";
				VALIDATE_PRODUCT = YES;
			};
			name = Release;
		};
		C6C803E41A353DE100F5DB26 /* Debug */ = {
			isa = XCBuildConfiguration;
			buildSettings = {
				ASSETCATALOG_COMPILER_APPICON_NAME = AppIcon;
				CODE_SIGN_IDENTITY = "iPhone Developer: 亚 袁 (227J9W448T)";
				INFOPLIST_FILE = UIBezieerPathDemo/Info.plist;
				IPHONEOS_DEPLOYMENT_TARGET = 6.0;
				LD_RUNPATH_SEARCH_PATHS = "$(inherited) @executable_path/Frameworks";
				PRODUCT_NAME = "$(TARGET_NAME)";
				PROVISIONING_PROFILE = "0e9ae9f5-352b-41d6-83fa-dfbd0edca802";
			};
			name = Debug;
		};
		C6C803E51A353DE100F5DB26 /* Release */ = {
			isa = XCBuildConfiguration;
			buildSettings = {
				ASSETCATALOG_COMPILER_APPICON_NAME = AppIcon;
				CODE_SIGN_IDENTITY = "iPhone Developer: 亚 袁 (227J9W448T)";
				INFOPLIST_FILE = UIBezieerPathDemo/Info.plist;
				IPHONEOS_DEPLOYMENT_TARGET = 6.0;
				LD_RUNPATH_SEARCH_PATHS = "$(inherited) @executable_path/Frameworks";
				PRODUCT_NAME = "$(TARGET_NAME)";
				PROVISIONING_PROFILE = "0e9ae9f5-352b-41d6-83fa-dfbd0edca802";
			};
			name = Release;
		};
		C6C803E71A353DE100F5DB26 /* Debug */ = {
			isa = XCBuildConfiguration;
			buildSettings = {
				BUNDLE_LOADER = "$(TEST_HOST)";
				FRAMEWORK_SEARCH_PATHS = (
					"$(SDKROOT)/Developer/Library/Frameworks",
					"$(inherited)",
				);
				GCC_PREPROCESSOR_DEFINITIONS = (
					"DEBUG=1",
					"$(inherited)",
				);
				INFOPLIST_FILE = UIBezieerPathDemoTests/Info.plist;
				LD_RUNPATH_SEARCH_PATHS = "$(inherited) @executable_path/Frameworks @loader_path/Frameworks";
				PRODUCT_NAME = "$(TARGET_NAME)";
				TEST_HOST = "$(BUILT_PRODUCTS_DIR)/UIBezieerPathDemo.app/UIBezieerPathDemo";
			};
			name = Debug;
		};
		C6C803E81A353DE100F5DB26 /* Release */ = {
			isa = XCBuildConfiguration;
			buildSettings = {
				BUNDLE_LOADER = "$(TEST_HOST)";
				FRAMEWORK_SEARCH_PATHS = (
					"$(SDKROOT)/Developer/Library/Frameworks",
					"$(inherited)",
				);
				INFOPLIST_FILE = UIBezieerPathDemoTests/Info.plist;
				LD_RUNPATH_SEARCH_PATHS = "$(inherited) @executable_path/Frameworks @loader_path/Frameworks";
				PRODUCT_NAME = "$(TARGET_NAME)";
				TEST_HOST = "$(BUILT_PRODUCTS_DIR)/UIBezieerPathDemo.app/UIBezieerPathDemo";
			};
			name = Release;
		};
/* End XCBuildConfiguration section */

/* Begin XCConfigurationList section */
		C6C803BB1A353DE100F5DB26 /* Build configuration list for PBXProject "UIBezieerPathDemo" */ = {
			isa = XCConfigurationList;
			buildConfigurations = (
				C6C803E11A353DE100F5DB26 /* Debug */,
				C6C803E21A353DE100F5DB26 /* Release */,
			);
			defaultConfigurationIsVisible = 0;
			defaultConfigurationName = Release;
		};
		C6C803E31A353DE100F5DB26 /* Build configuration list for PBXNativeTarget "UIBezieerPathDemo" */ = {
			isa = XCConfigurationList;
			buildConfigurations = (
				C6C803E41A353DE100F5DB26 /* Debug */,
				C6C803E51A353DE100F5DB26 /* Release */,
			);
			defaultConfigurationIsVisible = 0;
		};
		C6C803E61A353DE100F5DB26 /* Build configuration list for PBXNativeTarget "UIBezieerPathDemoTests" */ = {
			isa = XCConfigurationList;
			buildConfigurations = (
				C6C803E71A353DE100F5DB26 /* Debug */,
				C6C803E81A353DE100F5DB26 /* Release */,
			);
			defaultConfigurationIsVisible = 0;
		};
/* End XCConfigurationList section */
	};
	rootObject = C6C803B81A353DE100F5DB26 /* Project object */;
}
